{
    "_meta": {
        "hash": {
            "sha256": "3e79222e9f25a719b3c4aca516b9afd8b5890110e636bf97f5aa7e5811a0eb11"
        },
        "pipfile-spec": 6,
        "requires": {
            "python_version": "3"
        },
        "sources": [
            {
                "name": "pypi",
                "url": "https://pypi.org/simple",
                "verify_ssl": true
            }
        ]
    },
    "default": {
        "graphviz": {
            "hashes": [
                "sha256:587c58a223b51611c0cf461132da386edd896a029524ca61a1462b880bf97977",
                "sha256:8c58f14adaa3b947daf26c19bc1e98c4e0702cdc31cf99153e6f06904d492bf8"
            ],
            "index": "pypi",
            "markers": "python_version >= '3.7'",
            "version": "==0.20.1"
        }
    },
    "develop": {
        "exceptiongroup": {
            "hashes": [
                "sha256:4bfd3996ac73b41e9b9628b04e079f193850720ea5945fc96a08633c66912f14",
                "sha256:91f5c769735f051a4290d52edd0858999b57e5876e9f85937691bd4c9fa3ed68"
            ],
            "index": "pypi",
            "markers": "python_version >= '3.7'",
            "version": "==1.2.0"
        },
        "iniconfig": {
            "hashes": [
                "sha256:2d91e135bf72d31a410b17c16da610a82cb55f6b0477d1a902134b24a455b8b3",
                "sha256:b6a85871a79d2e3b22d2d1b94ac2824226a63c6b741c88f7ae975f18b6778374"
            ],
            "markers": "python_version >= '3.7'",
            "version": "==2.0.0"
        },
        "isort": {
            "hashes": [
                "sha256:48fdfcb9face5d58a4f6dde2e72a1fb8dcaf8ab26f95ab49fab84c2ddefb0109",
                "sha256:8ca5e72a8d85860d5a3fa69b8745237f2939afe12dbf656afbcb47fe72d947a6"
            ],
            "index": "pypi",
            "markers": "python_full_version >= '3.8.0'",
            "version": "==5.13.2"
        },
        "packaging": {
            "hashes": [
                "sha256:048fb0e9405036518eaaf48a55953c750c11e1a1b68e0dd1a9d62ed0c092cfc5",
                "sha256:8c491190033a9af7e1d931d0b5dacc2ef47509b34dd0de67ed209b5203fc88c7"
            ],
            "markers": "python_version >= '3.7'",
            "version": "==23.2"
        },
        "pluggy": {
            "hashes": [
                "sha256:7db9f7b503d67d1c5b95f59773ebb58a8c1c288129a88665838012cfb07b8981",
                "sha256:8c85c2876142a764e5b7548e7d9a0e0ddb46f5185161049a79b7e974454223be"
            ],
            "markers": "python_version >= '3.8'",
            "version": "==1.4.0"
        },
        "pytest": {
            "hashes": [
                "sha256:d4051d623a2e0b7e51960ba963193b09ce6daeb9759a451844a21e4ddedfc1bd",
                "sha256:edfaaef32ce5172d5466b5127b42e0d6d35ebbe4453f0e3505d96afd93f6b096"
            ],
            "index": "pypi",
            "markers": "python_version >= '3.8'",
            "version": "==8.0.2"
        },
        "ruff": {
            "hashes": [
                "sha256:0886184ba2618d815067cf43e005388967b67ab9c80df52b32ec1152ab49f53a",
                "sha256:128265876c1d703e5f5e5a4543bd8be47c73a9ba223fd3989d4aa87dd06f312f",
                "sha256:19eacceb4c9406f6c41af806418a26fdb23120dfe53583df76d1401c92b7c14b",
                "sha256:23dbb808e2f1d68eeadd5f655485e235c102ac6f12ad31505804edced2a5ae77",
                "sha256:2f7dbba46e2827dfcb0f0cc55fba8e96ba7c8700e0a866eb8cef7d1d66c25dcb",
                "sha256:3ef655c51f41d5fa879f98e40c90072b567c666a7114fa2d9fe004dffba00932",
                "sha256:5da894a29ec018a8293d3d17c797e73b374773943e8369cfc50495573d396933",
                "sha256:755c22536d7f1889be25f2baf6fedd019d0c51d079e8417d4441159f3bcd30c2",
                "sha256:7deb528029bacf845bdbb3dbb2927d8ef9b4356a5e731b10eef171e3f0a85944",
                "sha256:9343690f95710f8cf251bee1013bf43030072b9f8d012fbed6ad702ef70d360a",
                "sha256:a1f3ed501a42f60f4dedb7805fa8d4534e78b4e196f536bac926f805f0743d49",
                "sha256:b08b356d06a792e49a12074b62222f9d4ea2a11dca9da9f68163b28c71bf1dd4",
                "sha256:cc30a9053ff2f1ffb505a585797c23434d5f6c838bacfe206c0e6cf38c921a1e",
                "sha256:d0d3d7ef3d4f06433d592e5f7d813314a34601e6c5be8481cccb7fa760aa243e",
                "sha256:dd73fe7f4c28d317855da6a7bc4aa29a1500320818dd8f27df95f70a01b8171f",
                "sha256:e1e0d4381ca88fb2b73ea0766008e703f33f460295de658f5467f6f229658c19",
                "sha256:e3a4a6d46aef0a84b74fcd201a4401ea9a6cd85614f6a9435f2d33dd8cefbf83"
            ],
            "index": "pypi",
            "markers": "python_version >= '3.7'",
            "version": "==0.3.0"
        },
        "tomli": {
            "hashes": [
                "sha256:939de3e7a6161af0c887ef91b7d41a53e7c5a1ca976325f429cb46ea9bc30ecc",
                "sha256:de526c12914f0c550d15924c62d72abc48d6fe7364aa87328337a31007fe8a4f"
            ],
            "markers": "python_version < '3.11'",
            "version": "==2.0.1"
        }
    }
}
